
Microsoft Visual Studio Solution File, Format Version 11.00
# Visual Studio 2010
Project("{FAE04EC0-301F-11D3-BF4B-00C04F79EFBC}") = "Humancare.Data", "Humancare.Data\Humancare.Data.csproj", "{1577A75E-3D3C-4DF8-801F-40BCE3E3AFDC}"
EndProject
Project("{FAE04EC0-301F-11D3-BF4B-00C04F79EFBC}") = "HumanCare.BLL", "HumanCare.Models\HumanCare.BLL.csproj", "{2D94FB4A-2AAE-4C3A-A769-139561783F2C}"
EndProject
Project("{FAE04EC0-301F-11D3-BF4B-00C04F79EFBC}") = "HumareCareWeb", "HumareCareWeb\HumareCareWeb.csproj", "{7F9565D6-AAD5-4CBC-87A8-A54783A1FEE4}"
EndProject
Project("{FAE04EC0-301F-11D3-BF4B-00C04F79EFBC}") = "HumanCarePresentationLayer", "HumanCareManagementSystem\HumanCarePresentationLayer.csproj", "{7C49BBD3-8AC0-408A-84F0-7F405280F2A6}"
EndProject
Project("{FAE04EC0-301F-11D3-BF4B-00C04F79EFBC}") = "BillServiceApp", "..\..\..\BillingService\BillServiceApp\BillServiceApp.csproj", "{8076DF23-745D-49A2-8CDE-55F950019530}"
EndProject
Project("{FAE04EC0-301F-11D3-BF4B-00C04F79EFBC}") = "BillingService", "..\..\..\BillingService\BillingService\BillingService.csproj", "{7B34A8E8-755F-4A56-B3F4-A4FDD1E295E9}"
EndProject
Project("{FAE04EC0-301F-11D3-BF4B-00C04F79EFBC}") = "BillServiceData", "..\..\..\BillingService\BillServiceData\BillServiceData.csproj", "{C6166406-D52D-421F-9A3E-77B2475467F3}"
EndProject
Project("{FAE04EC0-301F-11D3-BF4B-00C04F79EFBC}") = "BillingHost", "..\..\..\BillingService\BillingHost\BillingHost.csproj", "{C82B57BC-B829-41E5-8125-5EF424DC1CDF}"
EndProject
Global
	GlobalSection(SolutionConfigurationPlatforms) = preSolution
		Debug|Any CPU = Debug|Any CPU
		Debug|Mixed Platforms = Debug|Mixed Platforms
		Debug|x86 = Debug|x86
		Release|Any CPU = Release|Any CPU
		Release|Mixed Platforms = Release|Mixed Platforms
		Release|x86 = Release|x86
	EndGlobalSection
	GlobalSection(ProjectConfigurationPlatforms) = postSolution
		{1577A75E-3D3C-4DF8-801F-40BCE3E3AFDC}.Debug|Any CPU.ActiveCfg = Debug|Any CPU
		{1577A75E-3D3C-4DF8-801F-40BCE3E3AFDC}.Debug|Any CPU.Build.0 = Debug|Any CPU
		{1577A75E-3D3C-4DF8-801F-40BCE3E3AFDC}.Debug|Mixed Platforms.ActiveCfg = Debug|Any CPU
		{1577A75E-3D3C-4DF8-801F-40BCE3E3AFDC}.Debug|Mixed Platforms.Build.0 = Debug|Any CPU
		{1577A75E-3D3C-4DF8-801F-40BCE3E3AFDC}.Debug|x86.ActiveCfg = Debug|Any CPU
		{1577A75E-3D3C-4DF8-801F-40BCE3E3AFDC}.Release|Any CPU.ActiveCfg = Release|Any CPU
		{1577A75E-3D3C-4DF8-801F-40BCE3E3AFDC}.Release|Any CPU.Build.0 = Release|Any CPU
		{1577A75E-3D3C-4DF8-801F-40BCE3E3AFDC}.Release|Mixed Platforms.ActiveCfg = Release|Any CPU
		{1577A75E-3D3C-4DF8-801F-40BCE3E3AFDC}.Release|Mixed Platforms.Build.0 = Release|Any CPU
		{1577A75E-3D3C-4DF8-801F-40BCE3E3AFDC}.Release|x86.ActiveCfg = Release|Any CPU
		{2D94FB4A-2AAE-4C3A-A769-139561783F2C}.Debug|Any CPU.ActiveCfg = Debug|Any CPU
		{2D94FB4A-2AAE-4C3A-A769-139561783F2C}.Debug|Any CPU.Build.0 = Debug|Any CPU
		{2D94FB4A-2AAE-4C3A-A769-139561783F2C}.Debug|Mixed Platforms.ActiveCfg = Debug|Any CPU
		{2D94FB4A-2AAE-4C3A-A769-139561783F2C}.Debug|Mixed Platforms.Build.0 = Debug|Any CPU
		{2D94FB4A-2AAE-4C3A-A769-139561783F2C}.Debug|x86.ActiveCfg = Debug|Any CPU
		{2D94FB4A-2AAE-4C3A-A769-139561783F2C}.Release|Any CPU.ActiveCfg = Release|Any CPU
		{2D94FB4A-2AAE-4C3A-A769-139561783F2C}.Release|Any CPU.Build.0 = Release|Any CPU
		{2D94FB4A-2AAE-4C3A-A769-139561783F2C}.Release|Mixed Platforms.ActiveCfg = Release|Any CPU
		{2D94FB4A-2AAE-4C3A-A769-139561783F2C}.Release|Mixed Platforms.Build.0 = Release|Any CPU
		{2D94FB4A-2AAE-4C3A-A769-139561783F2C}.Release|x86.ActiveCfg = Release|Any CPU
		{7F9565D6-AAD5-4CBC-87A8-A54783A1FEE4}.Debug|Any CPU.ActiveCfg = Debug|Any CPU
		{7F9565D6-AAD5-4CBC-87A8-A54783A1FEE4}.Debug|Any CPU.Build.0 = Debug|Any CPU
		{7F9565D6-AAD5-4CBC-87A8-A54783A1FEE4}.Debug|Mixed Platforms.ActiveCfg = Debug|Any CPU
		{7F9565D6-AAD5-4CBC-87A8-A54783A1FEE4}.Debug|Mixed Platforms.Build.0 = Debug|Any CPU
		{7F9565D6-AAD5-4CBC-87A8-A54783A1FEE4}.Debug|x86.ActiveCfg = Debug|Any CPU
		{7F9565D6-AAD5-4CBC-87A8-A54783A1FEE4}.Release|Any CPU.ActiveCfg = Release|Any CPU
		{7F9565D6-AAD5-4CBC-87A8-A54783A1FEE4}.Release|Any CPU.Build.0 = Release|Any CPU
		{7F9565D6-AAD5-4CBC-87A8-A54783A1FEE4}.Release|Mixed Platforms.ActiveCfg = Release|Any CPU
		{7F9565D6-AAD5-4CBC-87A8-A54783A1FEE4}.Release|Mixed Platforms.Build.0 = Release|Any CPU
		{7F9565D6-AAD5-4CBC-87A8-A54783A1FEE4}.Release|x86.ActiveCfg = Release|Any CPU
		{7C49BBD3-8AC0-408A-84F0-7F405280F2A6}.Debug|Any CPU.ActiveCfg = Debug|Any CPU
		{7C49BBD3-8AC0-408A-84F0-7F405280F2A6}.Debug|Any CPU.Build.0 = Debug|Any CPU
		{7C49BBD3-8AC0-408A-84F0-7F405280F2A6}.Debug|Mixed Platforms.ActiveCfg = Debug|Any CPU
		{7C49BBD3-8AC0-408A-84F0-7F405280F2A6}.Debug|Mixed Platforms.Build.0 = Debug|Any CPU
		{7C49BBD3-8AC0-408A-84F0-7F405280F2A6}.Debug|x86.ActiveCfg = Debug|Any CPU
		{7C49BBD3-8AC0-408A-84F0-7F405280F2A6}.Release|Any CPU.ActiveCfg = Release|Any CPU
		{7C49BBD3-8AC0-408A-84F0-7F405280F2A6}.Release|Any CPU.Build.0 = Release|Any CPU
		{7C49BBD3-8AC0-408A-84F0-7F405280F2A6}.Release|Mixed Platforms.ActiveCfg = Release|Any CPU
		{7C49BBD3-8AC0-408A-84F0-7F405280F2A6}.Release|Mixed Platforms.Build.0 = Release|Any CPU
		{7C49BBD3-8AC0-408A-84F0-7F405280F2A6}.Release|x86.ActiveCfg = Release|Any CPU
		{8076DF23-745D-49A2-8CDE-55F950019530}.Debug|Any CPU.ActiveCfg = Debug|Any CPU
		{8076DF23-745D-49A2-8CDE-55F950019530}.Debug|Any CPU.Build.0 = Debug|Any CPU
		{8076DF23-745D-49A2-8CDE-55F950019530}.Debug|Mixed Platforms.ActiveCfg = Debug|Any CPU
		{8076DF23-745D-49A2-8CDE-55F950019530}.Debug|Mixed Platforms.Build.0 = Debug|Any CPU
		{8076DF23-745D-49A2-8CDE-55F950019530}.Debug|x86.ActiveCfg = Debug|Any CPU
		{8076DF23-745D-49A2-8CDE-55F950019530}.Release|Any CPU.ActiveCfg = Release|Any CPU
		{8076DF23-745D-49A2-8CDE-55F950019530}.Release|Any CPU.Build.0 = Release|Any CPU
		{8076DF23-745D-49A2-8CDE-55F950019530}.Release|Mixed Platforms.ActiveCfg = Release|Any CPU
		{8076DF23-745D-49A2-8CDE-55F950019530}.Release|Mixed Platforms.Build.0 = Release|Any CPU
		{8076DF23-745D-49A2-8CDE-55F950019530}.Release|x86.ActiveCfg = Release|Any CPU
		{7B34A8E8-755F-4A56-B3F4-A4FDD1E295E9}.Debug|Any CPU.ActiveCfg = Debug|Any CPU
		{7B34A8E8-755F-4A56-B3F4-A4FDD1E295E9}.Debug|Any CPU.Build.0 = Debug|Any CPU
		{7B34A8E8-755F-4A56-B3F4-A4FDD1E295E9}.Debug|Mixed Platforms.ActiveCfg = Debug|Any CPU
		{7B34A8E8-755F-4A56-B3F4-A4FDD1E295E9}.Debug|Mixed Platforms.Build.0 = Debug|Any CPU
		{7B34A8E8-755F-4A56-B3F4-A4FDD1E295E9}.Debug|x86.ActiveCfg = Debug|Any CPU
		{7B34A8E8-755F-4A56-B3F4-A4FDD1E295E9}.Release|Any CPU.ActiveCfg = Release|Any CPU
		{7B34A8E8-755F-4A56-B3F4-A4FDD1E295E9}.Release|Any CPU.Build.0 = Release|Any CPU
		{7B34A8E8-755F-4A56-B3F4-A4FDD1E295E9}.Release|Mixed Platforms.ActiveCfg = Release|Any CPU
		{7B34A8E8-755F-4A56-B3F4-A4FDD1E295E9}.Release|Mixed Platforms.Build.0 = Release|Any CPU
		{7B34A8E8-755F-4A56-B3F4-A4FDD1E295E9}.Release|x86.ActiveCfg = Release|Any CPU
		{C6166406-D52D-421F-9A3E-77B2475467F3}.Debug|Any CPU.ActiveCfg = Debug|Any CPU
		{C6166406-D52D-421F-9A3E-77B2475467F3}.Debug|Any CPU.Build.0 = Debug|Any CPU
		{C6166406-D52D-421F-9A3E-77B2475467F3}.Debug|Mixed Platforms.ActiveCfg = Debug|Any CPU
		{C6166406-D52D-421F-9A3E-77B2475467F3}.Debug|Mixed Platforms.Build.0 = Debug|Any CPU
		{C6166406-D52D-421F-9A3E-77B2475467F3}.Debug|x86.ActiveCfg = Debug|Any CPU
		{C6166406-D52D-421F-9A3E-77B2475467F3}.Release|Any CPU.ActiveCfg = Release|Any CPU
		{C6166406-D52D-421F-9A3E-77B2475467F3}.Release|Any CPU.Build.0 = Release|Any CPU
		{C6166406-D52D-421F-9A3E-77B2475467F3}.Release|Mixed Platforms.ActiveCfg = Release|Any CPU
		{C6166406-D52D-421F-9A3E-77B2475467F3}.Release|Mixed Platforms.Build.0 = Release|Any CPU
		{C6166406-D52D-421F-9A3E-77B2475467F3}.Release|x86.ActiveCfg = Release|Any CPU
		{C82B57BC-B829-41E5-8125-5EF424DC1CDF}.Debug|Any CPU.ActiveCfg = Debug|x86
		{C82B57BC-B829-41E5-8125-5EF424DC1CDF}.Debug|Mixed Platforms.ActiveCfg = Debug|x86
		{C82B57BC-B829-41E5-8125-5EF424DC1CDF}.Debug|Mixed Platforms.Build.0 = Debug|x86
		{C82B57BC-B829-41E5-8125-5EF424DC1CDF}.Debug|x86.ActiveCfg = Debug|x86
		{C82B57BC-B829-41E5-8125-5EF424DC1CDF}.Debug|x86.Build.0 = Debug|x86
		{C82B57BC-B829-41E5-8125-5EF424DC1CDF}.Release|Any CPU.ActiveCfg = Release|x86
		{C82B57BC-B829-41E5-8125-5EF424DC1CDF}.Release|Mixed Platforms.ActiveCfg = Release|x86
		{C82B57BC-B829-41E5-8125-5EF424DC1CDF}.Release|Mixed Platforms.Build.0 = Release|x86
		{C82B57BC-B829-41E5-8125-5EF424DC1CDF}.Release|x86.ActiveCfg = Release|x86
		{C82B57BC-B829-41E5-8125-5EF424DC1CDF}.Release|x86.Build.0 = Release|x86
	EndGlobalSection
	GlobalSection(SolutionProperties) = preSolution
		HideSolutionNode = FALSE
	EndGlobalSection
EndGlobal
